
Microsoft Visual Studio Solution File, Format Version 12.00
# Visual Studio Version 16
VisualStudioVersion = 25.0.1706.9
MinimumVisualStudioVersion = 10.0.40219.1
Project("{FAE04EC0-301F-11D3-BF4B-00C04F79EFBC}") = "TunaPiano", "TunaPiano.csproj", "{ECECA5CA-8C92-435E-BAF6-E35A7F8636F5}"
EndProject
Global
	GlobalSection(SolutionConfigurationPlatforms) = preSolution
		Debug|Any CPU = Debug|Any CPU
		Release|Any CPU = Release|Any CPU
	EndGlobalSection
	GlobalSection(ProjectConfigurationPlatforms) = postSolution
		{ECECA5CA-8C92-435E-BAF6-E35A7F8636F5}.Debug|Any CPU.ActiveCfg = Debug|Any CPU
		{ECECA5CA-8C92-435E-BAF6-E35A7F8636F5}.Debug|Any CPU.Build.0 = Debug|Any CPU
		{ECECA5CA-8C92-435E-BAF6-E35A7F8636F5}.Release|Any CPU.ActiveCfg = Release|Any CPU
		{ECECA5CA-8C92-435E-BAF6-E35A7F8636F5}.Release|Any CPU.Build.0 = Release|Any CPU
	EndGlobalSection
	GlobalSection(SolutionProperties) = preSolution
		HideSolutionNode = FALSE
	EndGlobalSection
	GlobalSection(ExtensibilityGlobals) = postSolution
		SolutionGuid = {0F821930-9C61-469E-97F5-D3B40E68DBDF}
	EndGlobalSection
EndGlobal
